
Microsoft Visual Studio Solution File, Format Version 12.00
# Visual Studio Version 17
VisualStudioVersion = 17.12.35527.113 d17.12
MinimumVisualStudioVersion = 10.0.40219.1
Project("{FAE04EC0-301F-11D3-BF4B-00C04F79EFBC}") = "DVLD_User_Interface", "..\..\DVLD1\DVLD_User_Interface.csproj", "{BFB5214B-59EC-462B-8E2E-8C27775CAF3A}"
EndProject
Project("{FAE04EC0-301F-11D3-BF4B-00C04F79EFBC}") = "DVLDBusinessLayer", "..\..\DVLDBusinessLayer\DVLDBusinessLayer.csproj", "{A52C4B38-3E96-4E22-AF02-D6025E8D3D77}"
EndProject
Project("{FAE04EC0-301F-11D3-BF4B-00C04F79EFBC}") = "DVLDDataAccessLayer", "..\..\DVLDDataAccessLayer\DVLDDataAccessLayer.csproj", "{2366D662-5808-4868-90EA-07090D70DCB5}"
EndProject
Global
	GlobalSection(SolutionConfigurationPlatforms) = preSolution
		Debug|Any CPU = Debug|Any CPU
		Release|Any CPU = Release|Any CPU
	EndGlobalSection
	GlobalSection(ProjectConfigurationPlatforms) = postSolution
		{BFB5214B-59EC-462B-8E2E-8C27775CAF3A}.Debug|Any CPU.ActiveCfg = Debug|Any CPU
		{BFB5214B-59EC-462B-8E2E-8C27775CAF3A}.Debug|Any CPU.Build.0 = Debug|Any CPU
		{BFB5214B-59EC-462B-8E2E-8C27775CAF3A}.Release|Any CPU.ActiveCfg = Release|Any CPU
		{BFB5214B-59EC-462B-8E2E-8C27775CAF3A}.Release|Any CPU.Build.0 = Release|Any CPU
		{A52C4B38-3E96-4E22-AF02-D6025E8D3D77}.Debug|Any CPU.ActiveCfg = Debug|Any CPU
		{A52C4B38-3E96-4E22-AF02-D6025E8D3D77}.Debug|Any CPU.Build.0 = Debug|Any CPU
		{A52C4B38-3E96-4E22-AF02-D6025E8D3D77}.Release|Any CPU.ActiveCfg = Release|Any CPU
		{A52C4B38-3E96-4E22-AF02-D6025E8D3D77}.Release|Any CPU.Build.0 = Release|Any CPU
		{2366D662-5808-4868-90EA-07090D70DCB5}.Debug|Any CPU.ActiveCfg = Debug|Any CPU
		{2366D662-5808-4868-90EA-07090D70DCB5}.Debug|Any CPU.Build.0 = Debug|Any CPU
		{2366D662-5808-4868-90EA-07090D70DCB5}.Release|Any CPU.ActiveCfg = Release|Any CPU
		{2366D662-5808-4868-90EA-07090D70DCB5}.Release|Any CPU.Build.0 = Release|Any CPU
	EndGlobalSection
	GlobalSection(SolutionProperties) = preSolution
		HideSolutionNode = FALSE
	EndGlobalSection
EndGlobal
